
Microsoft Visual Studio Solution File, Format Version 12.00
# Visual Studio Version 16
VisualStudioVersion = 16.0.32228.343
MinimumVisualStudioVersion = 10.0.40219.1
Project("{FAE04EC0-301F-11D3-BF4B-00C04F79EFBC}") = "aRatoCats-FamilyCrypts", "aRatoCats-FamilyCrypts.csproj", "{AAEF4CA8-641B-4A26-9989-3A979778553E}"
EndProject
Global
	GlobalSection(SolutionConfigurationPlatforms) = preSolution
		Debug|Any CPU = Debug|Any CPU
		Release|Any CPU = Release|Any CPU
	EndGlobalSection
	GlobalSection(ProjectConfigurationPlatforms) = postSolution
		{AAEF4CA8-641B-4A26-9989-3A979778553E}.Debug|Any CPU.ActiveCfg = Debug|Any CPU
		{AAEF4CA8-641B-4A26-9989-3A979778553E}.Debug|Any CPU.Build.0 = Debug|Any CPU
		{AAEF4CA8-641B-4A26-9989-3A979778553E}.Release|Any CPU.ActiveCfg = Release|Any CPU
		{AAEF4CA8-641B-4A26-9989-3A979778553E}.Release|Any CPU.Build.0 = Release|Any CPU
	EndGlobalSection
	GlobalSection(SolutionProperties) = preSolution
		HideSolutionNode = FALSE
	EndGlobalSection
	GlobalSection(ExtensibilityGlobals) = postSolution
		SolutionGuid = {79B95FE9-EF5D-49CE-8665-D621522EA069}
	EndGlobalSection
EndGlobal
